
Microsoft Visual Studio Solution File, Format Version 12.00
# Visual Studio Version 16
VisualStudioVersion = 16.0.30907.101
MinimumVisualStudioVersion = 10.0.40219.1
Project("{9A19103F-16F7-4668-BE54-9A1E7A4F7556}") = "BlazorApp", "BlazorApp\BlazorApp.csproj", "{4C4F098F-DDBF-4CFD-92D2-C424F7AB1182}"
EndProject
Project("{9A19103F-16F7-4668-BE54-9A1E7A4F7556}") = "SharedLibrary", "SharedLibrary\SharedLibrary.csproj", "{3044EE42-C0F6-4CAC-9FA6-F5FB2E72B3C0}"
EndProject
Project("{9A19103F-16F7-4668-BE54-9A1E7A4F7556}") = "ErrandWebApi", "ErrandWebApi\ErrandWebApi.csproj", "{EAD5D2CF-DDF0-4F73-BCE0-40D9D3579C74}"
EndProject
Global
	GlobalSection(SolutionConfigurationPlatforms) = preSolution
		Debug|Any CPU = Debug|Any CPU
		Release|Any CPU = Release|Any CPU
	EndGlobalSection
	GlobalSection(ProjectConfigurationPlatforms) = postSolution
		{4C4F098F-DDBF-4CFD-92D2-C424F7AB1182}.Debug|Any CPU.ActiveCfg = Debug|Any CPU
		{4C4F098F-DDBF-4CFD-92D2-C424F7AB1182}.Debug|Any CPU.Build.0 = Debug|Any CPU
		{4C4F098F-DDBF-4CFD-92D2-C424F7AB1182}.Release|Any CPU.ActiveCfg = Release|Any CPU
		{4C4F098F-DDBF-4CFD-92D2-C424F7AB1182}.Release|Any CPU.Build.0 = Release|Any CPU
		{3044EE42-C0F6-4CAC-9FA6-F5FB2E72B3C0}.Debug|Any CPU.ActiveCfg = Debug|Any CPU
		{3044EE42-C0F6-4CAC-9FA6-F5FB2E72B3C0}.Debug|Any CPU.Build.0 = Debug|Any CPU
		{3044EE42-C0F6-4CAC-9FA6-F5FB2E72B3C0}.Release|Any CPU.ActiveCfg = Release|Any CPU
		{3044EE42-C0F6-4CAC-9FA6-F5FB2E72B3C0}.Release|Any CPU.Build.0 = Release|Any CPU
		{EAD5D2CF-DDF0-4F73-BCE0-40D9D3579C74}.Debug|Any CPU.ActiveCfg = Debug|Any CPU
		{EAD5D2CF-DDF0-4F73-BCE0-40D9D3579C74}.Debug|Any CPU.Build.0 = Debug|Any CPU
		{EAD5D2CF-DDF0-4F73-BCE0-40D9D3579C74}.Release|Any CPU.ActiveCfg = Release|Any CPU
		{EAD5D2CF-DDF0-4F73-BCE0-40D9D3579C74}.Release|Any CPU.Build.0 = Release|Any CPU
	EndGlobalSection
	GlobalSection(SolutionProperties) = preSolution
		HideSolutionNode = FALSE
	EndGlobalSection
	GlobalSection(ExtensibilityGlobals) = postSolution
		SolutionGuid = {2A62382B-0401-41AA-A38B-4B559C8912A4}
	EndGlobalSection
EndGlobal
